
Microsoft Visual Studio Solution File, Format Version 12.00
# Visual Studio Version 17
VisualStudioVersion = 17.9.34607.119
MinimumVisualStudioVersion = 10.0.40219.1
Project("{9A19103F-16F7-4668-BE54-9A1E7A4F7556}") = "BacklogTracker", "BacklogTracker\BacklogTracker.csproj", "{193AFDE3-EF97-46B5-8EA2-B730487102D9}"
EndProject
Project("{2150E333-8FDC-42A3-9474-1A3956D46DE8}") = "Solution Files", "Solution Files", "{255957EC-53B7-420A-B2E6-50DE6471C509}"
	ProjectSection(SolutionItems) = preProject
		readme.md = readme.md
	EndProjectSection
EndProject
Project("{9A19103F-16F7-4668-BE54-9A1E7A4F7556}") = "BacklogTracker.Tests", "BacklogTracker.Tests\BacklogTracker.Tests.csproj", "{F6473CF2-9C48-4324-90B3-DBE72D86A3BF}"
EndProject
Project("{FAE04EC0-301F-11D3-BF4B-00C04F79EFBC}") = "GameServiceLibrary", "GameServiceLibrary\GameServiceLibrary.csproj", "{9FFE8C77-C4AF-4DB8-BA52-A3A1EB0E5B74}"
EndProject
Global
	GlobalSection(SolutionConfigurationPlatforms) = preSolution
		Debug|Any CPU = Debug|Any CPU
		Release|Any CPU = Release|Any CPU
	EndGlobalSection
	GlobalSection(ProjectConfigurationPlatforms) = postSolution
		{193AFDE3-EF97-46B5-8EA2-B730487102D9}.Debug|Any CPU.ActiveCfg = Debug|Any CPU
		{193AFDE3-EF97-46B5-8EA2-B730487102D9}.Debug|Any CPU.Build.0 = Debug|Any CPU
		{193AFDE3-EF97-46B5-8EA2-B730487102D9}.Release|Any CPU.ActiveCfg = Release|Any CPU
		{193AFDE3-EF97-46B5-8EA2-B730487102D9}.Release|Any CPU.Build.0 = Release|Any CPU
		{F6473CF2-9C48-4324-90B3-DBE72D86A3BF}.Debug|Any CPU.ActiveCfg = Debug|Any CPU
		{F6473CF2-9C48-4324-90B3-DBE72D86A3BF}.Debug|Any CPU.Build.0 = Debug|Any CPU
		{F6473CF2-9C48-4324-90B3-DBE72D86A3BF}.Release|Any CPU.ActiveCfg = Release|Any CPU
		{F6473CF2-9C48-4324-90B3-DBE72D86A3BF}.Release|Any CPU.Build.0 = Release|Any CPU
		{9FFE8C77-C4AF-4DB8-BA52-A3A1EB0E5B74}.Debug|Any CPU.ActiveCfg = Debug|Any CPU
		{9FFE8C77-C4AF-4DB8-BA52-A3A1EB0E5B74}.Debug|Any CPU.Build.0 = Debug|Any CPU
		{9FFE8C77-C4AF-4DB8-BA52-A3A1EB0E5B74}.Release|Any CPU.ActiveCfg = Release|Any CPU
		{9FFE8C77-C4AF-4DB8-BA52-A3A1EB0E5B74}.Release|Any CPU.Build.0 = Release|Any CPU
	EndGlobalSection
	GlobalSection(SolutionProperties) = preSolution
		HideSolutionNode = FALSE
	EndGlobalSection
	GlobalSection(ExtensibilityGlobals) = postSolution
		SolutionGuid = {DB24B18E-F691-44A6-9311-ED0FD95864D8}
	EndGlobalSection
EndGlobal
